
Microsoft Visual Studio Solution File, Format Version 12.00
# Visual Studio Version 17
VisualStudioVersion = 17.6.33723.286
MinimumVisualStudioVersion = 10.0.40219.1
Project("{9A19103F-16F7-4668-BE54-9A1E7A4F7556}") = "BackgroundFileLogging", "BackgroundFileLogging\BackgroundFileLogging.csproj", "{BE130D27-869C-4FFD-8FC9-D2E51343BF9D}"
EndProject
Project("{9A19103F-16F7-4668-BE54-9A1E7A4F7556}") = "LoggerTest", "LoggerTest\LoggerTest.csproj", "{612627C1-65DB-4C36-BE30-2B6E3546A065}"
EndProject
Global
	GlobalSection(SolutionConfigurationPlatforms) = preSolution
		Debug|Any CPU = Debug|Any CPU
		Release|Any CPU = Release|Any CPU
	EndGlobalSection
	GlobalSection(ProjectConfigurationPlatforms) = postSolution
		{BE130D27-869C-4FFD-8FC9-D2E51343BF9D}.Debug|Any CPU.ActiveCfg = Debug|Any CPU
		{BE130D27-869C-4FFD-8FC9-D2E51343BF9D}.Debug|Any CPU.Build.0 = Debug|Any CPU
		{BE130D27-869C-4FFD-8FC9-D2E51343BF9D}.Release|Any CPU.ActiveCfg = Release|Any CPU
		{BE130D27-869C-4FFD-8FC9-D2E51343BF9D}.Release|Any CPU.Build.0 = Release|Any CPU
		{612627C1-65DB-4C36-BE30-2B6E3546A065}.Debug|Any CPU.ActiveCfg = Debug|Any CPU
		{612627C1-65DB-4C36-BE30-2B6E3546A065}.Debug|Any CPU.Build.0 = Debug|Any CPU
		{612627C1-65DB-4C36-BE30-2B6E3546A065}.Release|Any CPU.ActiveCfg = Release|Any CPU
		{612627C1-65DB-4C36-BE30-2B6E3546A065}.Release|Any CPU.Build.0 = Release|Any CPU
	EndGlobalSection
	GlobalSection(SolutionProperties) = preSolution
		HideSolutionNode = FALSE
	EndGlobalSection
	GlobalSection(ExtensibilityGlobals) = postSolution
		SolutionGuid = {AEA927F7-BAC8-4489-BA68-6A83B5D69CC2}
	EndGlobalSection
EndGlobal
